
Microsoft Visual Studio Solution File, Format Version 12.00
# Visual Studio Version 17
VisualStudioVersion = 17.5.33530.505
MinimumVisualStudioVersion = 10.0.40219.1
Project("{FAE04EC0-301F-11D3-BF4B-00C04F79EFBC}") = "ContactApp", "ContactApp\ContactApp.csproj", "{31EDA017-88E0-413A-975A-6BFBCCC7BA20}"
EndProject
Global
	GlobalSection(SolutionConfigurationPlatforms) = preSolution
		Debug|Any CPU = Debug|Any CPU
		Release|Any CPU = Release|Any CPU
	EndGlobalSection
	GlobalSection(ProjectConfigurationPlatforms) = postSolution
		{31EDA017-88E0-413A-975A-6BFBCCC7BA20}.Debug|Any CPU.ActiveCfg = Debug|Any CPU
		{31EDA017-88E0-413A-975A-6BFBCCC7BA20}.Debug|Any CPU.Build.0 = Debug|Any CPU
		{31EDA017-88E0-413A-975A-6BFBCCC7BA20}.Release|Any CPU.ActiveCfg = Release|Any CPU
		{31EDA017-88E0-413A-975A-6BFBCCC7BA20}.Release|Any CPU.Build.0 = Release|Any CPU
	EndGlobalSection
	GlobalSection(SolutionProperties) = preSolution
		HideSolutionNode = FALSE
	EndGlobalSection
	GlobalSection(ExtensibilityGlobals) = postSolution
		SolutionGuid = {7DBAF1B5-65A7-491F-92E6-A8FC126C67A6}
	EndGlobalSection
EndGlobal
